{
  "version": 4,
  "terraform_version": "0.12.19",
  "serial": 202,
  "lineage": "aa3b5908-cda1-f239-cf35-e2ac17d22c35",
  "outputs": {},
  "resources": [
    {
      "mode": "managed",
      "type": "azurerm_app_service",
      "name": "citadel",
      "each": "list",
      "provider": "provider.azurerm",
      "instances": [
        {
          "index_key": 0,
          "schema_version": 0,
          "attributes": {
            "app_service_plan_id": "/subscriptions/515a5a9a-adc9-4b50-852e-d537d67b34a4/resourceGroups/webapps/providers/Microsoft.Web/serverfarms/plan-free-eastus",
            "app_settings": {},
            "auth_settings": [
              {
                "active_directory": [],
                "additional_login_params": {},
                "allowed_external_redirect_urls": [],
                "default_provider": "",
                "enabled": false,
                "facebook": [],
                "google": [],
                "issuer": "",
                "microsoft": [],
                "runtime_version": "",
                "token_refresh_extension_hours": 0,
                "token_store_enabled": false,
                "twitter": [],
                "unauthenticated_client_action": ""
              }
            ],
            "backup": [],
            "client_affinity_enabled": true,
            "client_cert_enabled": false,
            "connection_string": [],
            "default_site_hostname": "webapp-c9elobqd-01-eastus.azurewebsites.net",
            "enabled": true,
            "https_only": false,
            "id": "/subscriptions/515a5a9a-adc9-4b50-852e-d537d67b34a4/resourceGroups/webapps/providers/Microsoft.Web/sites/webapp-c9elobqd-01-eastus",
            "identity": [],
            "location": "eastus",
            "logs": [
              {
                "application_logs": [
                  {
                    "azure_blob_storage": []
                  }
                ],
                "http_logs": [
                  {
                    "file_system": []
                  }
                ]
              }
            ],
            "name": "webapp-c9elobqd-01-eastus",
            "outbound_ip_addresses": "40.71.11.134,40.117.215.11,40.76.9.115,13.68.199.96,40.117.113.125",
            "possible_outbound_ip_addresses": "40.71.11.134,40.117.215.11,40.76.9.115,13.68.199.96,40.117.113.125,40.114.121.56,13.68.202.75,40.76.0.204,40.76.10.230,40.76.27.228",
            "resource_group_name": "webapps",
            "site_config": [
              {
                "always_on": false,
                "app_command_line": "",
                "cors": [],
                "default_documents": [
                  "Default.htm",
                  "Default.html",
                  "Default.asp",
                  "index.htm",
                  "index.html",
                  "iisstart.htm",
                  "default.aspx",
                  "index.php",
                  "hostingstart.html"
                ],
                "dotnet_framework_version": "v4.0",
                "ftps_state": "AllAllowed",
                "http2_enabled": false,
                "ip_restriction": [],
                "java_container": "",
                "java_container_version": "",
                "java_version": "",
                "linux_fx_version": "",
                "local_mysql_enabled": false,
                "managed_pipeline_mode": "Integrated",
                "min_tls_version": "1.2",
                "php_version": "",
                "python_version": "",
                "remote_debugging_enabled": false,
                "remote_debugging_version": "",
                "scm_type": "None",
                "use_32_bit_worker_process": true,
                "virtual_network_name": "",
                "websockets_enabled": false,
                "windows_fx_version": ""
              }
            ],
            "site_credential": [
              {
                "password": "StkDkgeAncpPsZudF6K4mxud9bptRjd52PSgLvuAuH30lQhxyPgLdlCd16kD",
                "username": "$webapp-c9elobqd-01-eastus"
              }
            ],
            "source_control": [
              {
                "branch": "master",
                "repo_url": ""
              }
            ],
            "storage_account": [],
            "tags": {
              "env": "training",
              "source": "citadel"
            }
          },
          "private": "bnVsbA==",
          "dependencies": [
            "azurerm_app_service_plan.free",
            "azurerm_resource_group.webapps",
            "random_string.webapprnd"
          ]
        },
        {
          "index_key": 1,
          "schema_version": 0,
          "attributes": {
            "app_service_plan_id": "/subscriptions/515a5a9a-adc9-4b50-852e-d537d67b34a4/resourceGroups/webapps/providers/Microsoft.Web/serverfarms/plan-free-centralus",
            "app_settings": {},
            "auth_settings": [
              {
                "active_directory": [],
                "additional_login_params": {},
                "allowed_external_redirect_urls": [],
                "default_provider": "",
                "enabled": false,
                "facebook": [],
                "google": [],
                "issuer": "",
                "microsoft": [],
                "runtime_version": "",
                "token_refresh_extension_hours": 0,
                "token_store_enabled": false,
                "twitter": [],
                "unauthenticated_client_action": ""
              }
            ],
            "backup": [],
            "client_affinity_enabled": true,
            "client_cert_enabled": false,
            "connection_string": [],
            "default_site_hostname": "webapp-c9elobqd-02-centralus.azurewebsites.net",
            "enabled": true,
            "https_only": false,
            "id": "/subscriptions/515a5a9a-adc9-4b50-852e-d537d67b34a4/resourceGroups/webapps/providers/Microsoft.Web/sites/webapp-c9elobqd-02-centralus",
            "identity": [],
            "location": "centralus",
            "logs": [
              {
                "application_logs": [
                  {
                    "azure_blob_storage": []
                  }
                ],
                "http_logs": [
                  {
                    "file_system": []
                  }
                ]
              }
            ],
            "name": "webapp-c9elobqd-02-centralus",
            "outbound_ip_addresses": "52.173.151.229,52.173.255.250,52.173.145.112,52.165.223.181,52.165.223.243",
            "possible_outbound_ip_addresses": "52.173.151.229,52.173.255.250,52.173.145.112,52.165.223.181,52.165.223.243,52.176.167.96,52.173.78.232",
            "resource_group_name": "webapps",
            "site_config": [
              {
                "always_on": false,
                "app_command_line": "",
                "cors": [],
                "default_documents": [
                  "Default.htm",
                  "Default.html",
                  "Default.asp",
                  "index.htm",
                  "index.html",
                  "iisstart.htm",
                  "default.aspx",
                  "index.php",
                  "hostingstart.html"
                ],
                "dotnet_framework_version": "v4.0",
                "ftps_state": "AllAllowed",
                "http2_enabled": false,
                "ip_restriction": [],
                "java_container": "",
                "java_container_version": "",
                "java_version": "",
                "linux_fx_version": "",
                "local_mysql_enabled": false,
                "managed_pipeline_mode": "Integrated",
                "min_tls_version": "1.2",
                "php_version": "",
                "python_version": "",
                "remote_debugging_enabled": false,
                "remote_debugging_version": "",
                "scm_type": "None",
                "use_32_bit_worker_process": true,
                "virtual_network_name": "",
                "websockets_enabled": false,
                "windows_fx_version": ""
              }
            ],
            "site_credential": [
              {
                "password": "3oplF5ogNW2FcmnoM6LLmagLkLgJkqRafhr5r7c4fLdhDdGbDtoKtWdXZRkp",
                "username": "$webapp-c9elobqd-02-centralus"
              }
            ],
            "source_control": [
              {
                "branch": "master",
                "repo_url": ""
              }
            ],
            "storage_account": [],
            "tags": {
              "env": "training",
              "source": "citadel"
            }
          },
          "private": "bnVsbA==",
          "dependencies": [
            "azurerm_app_service_plan.free",
            "azurerm_resource_group.webapps",
            "random_string.webapprnd"
          ]
        },
        {
          "index_key": 2,
          "schema_version": 0,
          "attributes": {
            "app_service_plan_id": "/subscriptions/515a5a9a-adc9-4b50-852e-d537d67b34a4/resourceGroups/webapps/providers/Microsoft.Web/serverfarms/plan-free-westus",
            "app_settings": {},
            "auth_settings": [
              {
                "active_directory": [],
                "additional_login_params": {},
                "allowed_external_redirect_urls": [],
                "default_provider": "",
                "enabled": false,
                "facebook": [],
                "google": [],
                "issuer": "",
                "microsoft": [],
                "runtime_version": "",
                "token_refresh_extension_hours": 0,
                "token_store_enabled": false,
                "twitter": [],
                "unauthenticated_client_action": ""
              }
            ],
            "backup": [],
            "client_affinity_enabled": true,
            "client_cert_enabled": false,
            "connection_string": [],
            "default_site_hostname": "webapp-c9elobqd-03-westus.azurewebsites.net",
            "enabled": true,
            "https_only": false,
            "id": "/subscriptions/515a5a9a-adc9-4b50-852e-d537d67b34a4/resourceGroups/webapps/providers/Microsoft.Web/sites/webapp-c9elobqd-03-westus",
            "identity": [],
            "location": "westus",
            "logs": [
              {
                "application_logs": [
                  {
                    "azure_blob_storage": []
                  }
                ],
                "http_logs": [
                  {
                    "file_system": []
                  }
                ]
              }
            ],
            "name": "webapp-c9elobqd-03-westus",
            "outbound_ip_addresses": "40.112.243.7,40.118.229.231,13.64.89.216,40.78.16.175,52.160.111.150",
            "possible_outbound_ip_addresses": "40.112.243.7,40.118.229.231,13.64.89.216,40.78.16.175,52.160.111.150,13.64.91.216,13.64.94.144,13.91.124.136,13.91.125.204,40.118.239.192",
            "resource_group_name": "webapps",
            "site_config": [
              {
                "always_on": false,
                "app_command_line": "",
                "cors": [],
                "default_documents": [
                  "Default.htm",
                  "Default.html",
                  "Default.asp",
                  "index.htm",
                  "index.html",
                  "iisstart.htm",
                  "default.aspx",
                  "index.php",
                  "hostingstart.html"
                ],
                "dotnet_framework_version": "v4.0",
                "ftps_state": "AllAllowed",
                "http2_enabled": false,
                "ip_restriction": [],
                "java_container": "",
                "java_container_version": "",
                "java_version": "",
                "linux_fx_version": "",
                "local_mysql_enabled": false,
                "managed_pipeline_mode": "Integrated",
                "min_tls_version": "1.2",
                "php_version": "",
                "python_version": "",
                "remote_debugging_enabled": false,
                "remote_debugging_version": "",
                "scm_type": "None",
                "use_32_bit_worker_process": true,
                "virtual_network_name": "",
                "websockets_enabled": false,
                "windows_fx_version": ""
              }
            ],
            "site_credential": [
              {
                "password": "ZuuarJNhea0lzboNLb9W56AzleCEy7kpPvdr20btFzacTugugaoJBAkECSSd",
                "username": "$webapp-c9elobqd-03-westus"
              }
            ],
            "source_control": [
              {
                "branch": "master",
                "repo_url": ""
              }
            ],
            "storage_account": [],
            "tags": {
              "env": "training",
              "source": "citadel"
            }
          },
          "private": "bnVsbA==",
          "dependencies": [
            "azurerm_app_service_plan.free",
            "azurerm_resource_group.webapps",
            "random_string.webapprnd"
          ]
        },
        {
          "index_key": 3,
          "schema_version": 0,
          "attributes": {
            "app_service_plan_id": "/subscriptions/515a5a9a-adc9-4b50-852e-d537d67b34a4/resourceGroups/webapps/providers/Microsoft.Web/serverfarms/plan-free-westeurope",
            "app_settings": {},
            "auth_settings": [
              {
                "active_directory": [],
                "additional_login_params": {},
                "allowed_external_redirect_urls": [],
                "default_provider": "",
                "enabled": false,
                "facebook": [],
                "google": [],
                "issuer": "",
                "microsoft": [],
                "runtime_version": "",
                "token_refresh_extension_hours": 0,
                "token_store_enabled": false,
                "twitter": [],
                "unauthenticated_client_action": ""
              }
            ],
            "backup": [],
            "client_affinity_enabled": true,
            "client_cert_enabled": false,
            "connection_string": [],
            "default_site_hostname": "webapp-c9elobqd-04-westeurope.azurewebsites.net",
            "enabled": true,
            "https_only": false,
            "id": "/subscriptions/515a5a9a-adc9-4b50-852e-d537d67b34a4/resourceGroups/webapps/providers/Microsoft.Web/sites/webapp-c9elobqd-04-westeurope",
            "identity": [],
            "location": "westeurope",
            "logs": [
              {
                "application_logs": [
                  {
                    "azure_blob_storage": []
                  }
                ],
                "http_logs": [
                  {
                    "file_system": []
                  }
                ]
              }
            ],
            "name": "webapp-c9elobqd-04-westeurope",
            "outbound_ip_addresses": "52.233.133.121,52.232.38.244,52.233.185.35,52.166.75.172,13.81.1.156",
            "possible_outbound_ip_addresses": "52.233.133.121,52.232.38.244,52.233.185.35,52.166.75.172,13.81.1.156,52.136.254.253,51.144.165.65",
            "resource_group_name": "webapps",
            "site_config": [
              {
                "always_on": false,
                "app_command_line": "",
                "cors": [],
                "default_documents": [
                  "Default.htm",
                  "Default.html",
                  "Default.asp",
                  "index.htm",
                  "index.html",
                  "iisstart.htm",
                  "default.aspx",
                  "index.php",
                  "hostingstart.html"
                ],
                "dotnet_framework_version": "v4.0",
                "ftps_state": "AllAllowed",
                "http2_enabled": false,
                "ip_restriction": [],
                "java_container": "",
                "java_container_version": "",
                "java_version": "",
                "linux_fx_version": "",
                "local_mysql_enabled": false,
                "managed_pipeline_mode": "Integrated",
                "min_tls_version": "1.2",
                "php_version": "",
                "python_version": "",
                "remote_debugging_enabled": false,
                "remote_debugging_version": "",
                "scm_type": "None",
                "use_32_bit_worker_process": true,
                "virtual_network_name": "",
                "websockets_enabled": false,
                "windows_fx_version": ""
              }
            ],
            "site_credential": [
              {
                "password": "lJj7hbmzxsvkNe0zejCtpWDaWbtyWemu7m12EaFrvspPMlg7C7BsZjm7kFTL",
                "username": "$webapp-c9elobqd-04-westeurope"
              }
            ],
            "source_control": [
              {
                "branch": "master",
                "repo_url": ""
              }
            ],
            "storage_account": [],
            "tags": {
              "env": "training",
              "source": "citadel"
            }
          },
          "private": "bnVsbA==",
          "dependencies": [
            "azurerm_app_service_plan.free",
            "azurerm_resource_group.webapps",
            "random_string.webapprnd"
          ]
        },
        {
          "index_key": 4,
          "schema_version": 0,
          "attributes": {
            "app_service_plan_id": "/subscriptions/515a5a9a-adc9-4b50-852e-d537d67b34a4/resourceGroups/webapps/providers/Microsoft.Web/serverfarms/plan-free-northeurope",
            "app_settings": {},
            "auth_settings": [
              {
                "active_directory": [],
                "additional_login_params": {},
                "allowed_external_redirect_urls": [],
                "default_provider": "",
                "enabled": false,
                "facebook": [],
                "google": [],
                "issuer": "",
                "microsoft": [],
                "runtime_version": "",
                "token_refresh_extension_hours": 0,
                "token_store_enabled": false,
                "twitter": [],
                "unauthenticated_client_action": ""
              }
            ],
            "backup": [],
            "client_affinity_enabled": true,
            "client_cert_enabled": false,
            "connection_string": [],
            "default_site_hostname": "webapp-c9elobqd-05-northeurope.azurewebsites.net",
            "enabled": true,
            "https_only": false,
            "id": "/subscriptions/515a5a9a-adc9-4b50-852e-d537d67b34a4/resourceGroups/webapps/providers/Microsoft.Web/sites/webapp-c9elobqd-05-northeurope",
            "identity": [],
            "location": "northeurope",
            "logs": [
              {
                "application_logs": [
                  {
                    "azure_blob_storage": []
                  }
                ],
                "http_logs": [
                  {
                    "file_system": []
                  }
                ]
              }
            ],
            "name": "webapp-c9elobqd-05-northeurope",
            "outbound_ip_addresses": "40.112.69.156,40.115.102.40,40.115.100.78,40.115.96.50,40.112.77.199",
            "possible_outbound_ip_addresses": "40.112.69.156,40.115.102.40,40.115.100.78,40.115.96.50,40.112.77.199,40.115.97.237,40.115.102.255,40.112.69.216",
            "resource_group_name": "webapps",
            "site_config": [
              {
                "always_on": false,
                "app_command_line": "",
                "cors": [],
                "default_documents": [
                  "Default.htm",
                  "Default.html",
                  "Default.asp",
                  "index.htm",
                  "index.html",
                  "iisstart.htm",
                  "default.aspx",
                  "index.php",
                  "hostingstart.html"
                ],
                "dotnet_framework_version": "v4.0",
                "ftps_state": "AllAllowed",
                "http2_enabled": false,
                "ip_restriction": [],
                "java_container": "",
                "java_container_version": "",
                "java_version": "",
                "linux_fx_version": "",
                "local_mysql_enabled": false,
                "managed_pipeline_mode": "Integrated",
                "min_tls_version": "1.2",
                "php_version": "",
                "python_version": "",
                "remote_debugging_enabled": false,
                "remote_debugging_version": "",
                "scm_type": "None",
                "use_32_bit_worker_process": true,
                "virtual_network_name": "",
                "websockets_enabled": false,
                "windows_fx_version": ""
              }
            ],
            "site_credential": [
              {
                "password": "6ySefaE6cQuD81WKggwHqxWSsDKEWfwjYZMhlTYMvcPeRWz05PR2soYX11Ai",
                "username": "$webapp-c9elobqd-05-northeurope"
              }
            ],
            "source_control": [
              {
                "branch": "master",
                "repo_url": ""
              }
            ],
            "storage_account": [],
            "tags": {
              "env": "training",
              "source": "citadel"
            }
          },
          "private": "bnVsbA==",
          "dependencies": [
            "azurerm_app_service_plan.free",
            "azurerm_resource_group.webapps",
            "random_string.webapprnd"
          ]
        },
        {
          "index_key": 5,
          "schema_version": 0,
          "attributes": {
            "app_service_plan_id": "/subscriptions/515a5a9a-adc9-4b50-852e-d537d67b34a4/resourceGroups/webapps/providers/Microsoft.Web/serverfarms/plan-free-eastus",
            "app_settings": {},
            "auth_settings": [
              {
                "active_directory": [],
                "additional_login_params": {},
                "allowed_external_redirect_urls": [],
                "default_provider": "",
                "enabled": false,
                "facebook": [],
                "google": [],
                "issuer": "",
                "microsoft": [],
                "runtime_version": "",
                "token_refresh_extension_hours": 0,
                "token_store_enabled": false,
                "twitter": [],
                "unauthenticated_client_action": ""
              }
            ],
            "backup": [],
            "client_affinity_enabled": true,
            "client_cert_enabled": false,
            "connection_string": [],
            "default_site_hostname": "webapp-c9elobqd-06-eastus.azurewebsites.net",
            "enabled": true,
            "https_only": false,
            "id": "/subscriptions/515a5a9a-adc9-4b50-852e-d537d67b34a4/resourceGroups/webapps/providers/Microsoft.Web/sites/webapp-c9elobqd-06-eastus",
            "identity": [],
            "location": "eastus",
            "logs": [
              {
                "application_logs": [
                  {
                    "azure_blob_storage": []
                  }
                ],
                "http_logs": [
                  {
                    "file_system": []
                  }
                ]
              }
            ],
            "name": "webapp-c9elobqd-06-eastus",
            "outbound_ip_addresses": "40.71.11.134,40.117.215.11,40.76.9.115,13.68.199.96,40.117.113.125",
            "possible_outbound_ip_addresses": "40.71.11.134,40.117.215.11,40.76.9.115,13.68.199.96,40.117.113.125,40.114.121.56,13.68.202.75,40.76.0.204,40.76.10.230,40.76.27.228",
            "resource_group_name": "webapps",
            "site_config": [
              {
                "always_on": false,
                "app_command_line": "",
                "cors": [],
                "default_documents": [
                  "Default.htm",
                  "Default.html",
                  "Default.asp",
                  "index.htm",
                  "index.html",
                  "iisstart.htm",
                  "default.aspx",
                  "index.php",
                  "hostingstart.html"
                ],
                "dotnet_framework_version": "v4.0",
                "ftps_state": "AllAllowed",
                "http2_enabled": false,
                "ip_restriction": [],
                "java_container": "",
                "java_container_version": "",
                "java_version": "",
                "linux_fx_version": "",
                "local_mysql_enabled": false,
                "managed_pipeline_mode": "Integrated",
                "min_tls_version": "1.2",
                "php_version": "",
                "python_version": "",
                "remote_debugging_enabled": false,
                "remote_debugging_version": "",
                "scm_type": "None",
                "use_32_bit_worker_process": true,
                "virtual_network_name": "",
                "websockets_enabled": false,
                "windows_fx_version": ""
              }
            ],
            "site_credential": [
              {
                "password": "ta6HpDkq2pDFcwkwCalLjJq0qh0b54KEuDTD4NG4kl2RDwB1PDEMR2ckMDCj",
                "username": "$webapp-c9elobqd-06-eastus"
              }
            ],
            "source_control": [
              {
                "branch": "master",
                "repo_url": ""
              }
            ],
            "storage_account": [],
            "tags": {
              "env": "training",
              "source": "citadel"
            }
          },
          "private": "bnVsbA==",
          "dependencies": [
            "azurerm_app_service_plan.free",
            "azurerm_resource_group.webapps",
            "random_string.webapprnd"
          ]
        },
        {
          "index_key": 6,
          "schema_version": 0,
          "attributes": {
            "app_service_plan_id": "/subscriptions/515a5a9a-adc9-4b50-852e-d537d67b34a4/resourceGroups/webapps/providers/Microsoft.Web/serverfarms/plan-free-centralus",
            "app_settings": {},
            "auth_settings": [
              {
                "active_directory": [],
                "additional_login_params": {},
                "allowed_external_redirect_urls": [],
                "default_provider": "",
                "enabled": false,
                "facebook": [],
                "google": [],
                "issuer": "",
                "microsoft": [],
                "runtime_version": "",
                "token_refresh_extension_hours": 0,
                "token_store_enabled": false,
                "twitter": [],
                "unauthenticated_client_action": ""
              }
            ],
            "backup": [],
            "client_affinity_enabled": true,
            "client_cert_enabled": false,
            "connection_string": [],
            "default_site_hostname": "webapp-c9elobqd-07-centralus.azurewebsites.net",
            "enabled": true,
            "https_only": false,
            "id": "/subscriptions/515a5a9a-adc9-4b50-852e-d537d67b34a4/resourceGroups/webapps/providers/Microsoft.Web/sites/webapp-c9elobqd-07-centralus",
            "identity": [],
            "location": "centralus",
            "logs": [
              {
                "application_logs": [
                  {
                    "azure_blob_storage": []
                  }
                ],
                "http_logs": [
                  {
                    "file_system": []
                  }
                ]
              }
            ],
            "name": "webapp-c9elobqd-07-centralus",
            "outbound_ip_addresses": "52.173.151.229,52.173.255.250,52.173.145.112,52.165.223.181,52.165.223.243",
            "possible_outbound_ip_addresses": "52.173.151.229,52.173.255.250,52.173.145.112,52.165.223.181,52.165.223.243,52.176.167.96,52.173.78.232",
            "resource_group_name": "webapps",
            "site_config": [
              {
                "always_on": false,
                "app_command_line": "",
                "cors": [],
                "default_documents": [
                  "Default.htm",
                  "Default.html",
                  "Default.asp",
                  "index.htm",
                  "index.html",
                  "iisstart.htm",
                  "default.aspx",
                  "index.php",
                  "hostingstart.html"
                ],
                "dotnet_framework_version": "v4.0",
                "ftps_state": "AllAllowed",
                "http2_enabled": false,
                "ip_restriction": [],
                "java_container": "",
                "java_container_version": "",
                "java_version": "",
                "linux_fx_version": "",
                "local_mysql_enabled": false,
                "managed_pipeline_mode": "Integrated",
                "min_tls_version": "1.2",
                "php_version": "",
                "python_version": "",
                "remote_debugging_enabled": false,
                "remote_debugging_version": "",
                "scm_type": "None",
                "use_32_bit_worker_process": true,
                "virtual_network_name": "",
                "websockets_enabled": false,
                "windows_fx_version": ""
              }
            ],
            "site_credential": [
              {
                "password": "dc6XlRdrdH5qxvl6GanrWNAjWTelfAb4addw6LxJgrpsitcnNPrw0CzF8LjG",
                "username": "$webapp-c9elobqd-07-centralus"
              }
            ],
            "source_control": [
              {
                "branch": "master",
                "repo_url": ""
              }
            ],
            "storage_account": [],
            "tags": {
              "env": "training",
              "source": "citadel"
            }
          },
          "private": "bnVsbA==",
          "dependencies": [
            "azurerm_app_service_plan.free",
            "azurerm_resource_group.webapps",
            "random_string.webapprnd"
          ]
        },
        {
          "index_key": 7,
          "schema_version": 0,
          "attributes": {
            "app_service_plan_id": "/subscriptions/515a5a9a-adc9-4b50-852e-d537d67b34a4/resourceGroups/webapps/providers/Microsoft.Web/serverfarms/plan-free-westus",
            "app_settings": {},
            "auth_settings": [
              {
                "active_directory": [],
                "additional_login_params": {},
                "allowed_external_redirect_urls": [],
                "default_provider": "",
                "enabled": false,
                "facebook": [],
                "google": [],
                "issuer": "",
                "microsoft": [],
                "runtime_version": "",
                "token_refresh_extension_hours": 0,
                "token_store_enabled": false,
                "twitter": [],
                "unauthenticated_client_action": ""
              }
            ],
            "backup": [],
            "client_affinity_enabled": true,
            "client_cert_enabled": false,
            "connection_string": [],
            "default_site_hostname": "webapp-c9elobqd-08-westus.azurewebsites.net",
            "enabled": true,
            "https_only": false,
            "id": "/subscriptions/515a5a9a-adc9-4b50-852e-d537d67b34a4/resourceGroups/webapps/providers/Microsoft.Web/sites/webapp-c9elobqd-08-westus",
            "identity": [],
            "location": "westus",
            "logs": [
              {
                "application_logs": [
                  {
                    "azure_blob_storage": []
                  }
                ],
                "http_logs": [
                  {
                    "file_system": []
                  }
                ]
              }
            ],
            "name": "webapp-c9elobqd-08-westus",
            "outbound_ip_addresses": "40.112.243.7,40.118.229.231,13.64.89.216,40.78.16.175,52.160.111.150",
            "possible_outbound_ip_addresses": "40.112.243.7,40.118.229.231,13.64.89.216,40.78.16.175,52.160.111.150,13.64.91.216,13.64.94.144,13.91.124.136,13.91.125.204,40.118.239.192",
            "resource_group_name": "webapps",
            "site_config": [
              {
                "always_on": false,
                "app_command_line": "",
                "cors": [],
                "default_documents": [
                  "Default.htm",
                  "Default.html",
                  "Default.asp",
                  "index.htm",
                  "index.html",
                  "iisstart.htm",
                  "default.aspx",
                  "index.php",
                  "hostingstart.html"
                ],
                "dotnet_framework_version": "v4.0",
                "ftps_state": "AllAllowed",
                "http2_enabled": false,
                "ip_restriction": [],
                "java_container": "",
                "java_container_version": "",
                "java_version": "",
                "linux_fx_version": "",
                "local_mysql_enabled": false,
                "managed_pipeline_mode": "Integrated",
                "min_tls_version": "1.2",
                "php_version": "",
                "python_version": "",
                "remote_debugging_enabled": false,
                "remote_debugging_version": "",
                "scm_type": "None",
                "use_32_bit_worker_process": true,
                "virtual_network_name": "",
                "websockets_enabled": false,
                "windows_fx_version": ""
              }
            ],
            "site_credential": [
              {
                "password": "ZQupHHn9ZAu2BPhwLXPwbvDevL28NcgGvEh39JrYefJtnQBpfSved7wGD3Ew",
                "username": "$webapp-c9elobqd-08-westus"
              }
            ],
            "source_control": [
              {
                "branch": "master",
                "repo_url": ""
              }
            ],
            "storage_account": [],
            "tags": {
              "env": "training",
              "source": "citadel"
            }
          },
          "private": "bnVsbA==",
          "dependencies": [
            "azurerm_app_service_plan.free",
            "azurerm_resource_group.webapps",
            "random_string.webapprnd"
          ]
        },
        {
          "index_key": 8,
          "schema_version": 0,
          "attributes": {
            "app_service_plan_id": "/subscriptions/515a5a9a-adc9-4b50-852e-d537d67b34a4/resourceGroups/webapps/providers/Microsoft.Web/serverfarms/plan-free-westeurope",
            "app_settings": {},
            "auth_settings": [
              {
                "active_directory": [],
                "additional_login_params": {},
                "allowed_external_redirect_urls": [],
                "default_provider": "",
                "enabled": false,
                "facebook": [],
                "google": [],
                "issuer": "",
                "microsoft": [],
                "runtime_version": "",
                "token_refresh_extension_hours": 0,
                "token_store_enabled": false,
                "twitter": [],
                "unauthenticated_client_action": ""
              }
            ],
            "backup": [],
            "client_affinity_enabled": true,
            "client_cert_enabled": false,
            "connection_string": [],
            "default_site_hostname": "webapp-c9elobqd-09-westeurope.azurewebsites.net",
            "enabled": true,
            "https_only": false,
            "id": "/subscriptions/515a5a9a-adc9-4b50-852e-d537d67b34a4/resourceGroups/webapps/providers/Microsoft.Web/sites/webapp-c9elobqd-09-westeurope",
            "identity": [],
            "location": "westeurope",
            "logs": [
              {
                "application_logs": [
                  {
                    "azure_blob_storage": []
                  }
                ],
                "http_logs": [
                  {
                    "file_system": []
                  }
                ]
              }
            ],
            "name": "webapp-c9elobqd-09-westeurope",
            "outbound_ip_addresses": "52.233.133.121,52.232.38.244,52.233.185.35,52.166.75.172,13.81.1.156",
            "possible_outbound_ip_addresses": "52.233.133.121,52.232.38.244,52.233.185.35,52.166.75.172,13.81.1.156,52.136.254.253,51.144.165.65",
            "resource_group_name": "webapps",
            "site_config": [
              {
                "always_on": false,
                "app_command_line": "",
                "cors": [],
                "default_documents": [
                  "Default.htm",
                  "Default.html",
                  "Default.asp",
                  "index.htm",
                  "index.html",
                  "iisstart.htm",
                  "default.aspx",
                  "index.php",
                  "hostingstart.html"
                ],
                "dotnet_framework_version": "v4.0",
                "ftps_state": "AllAllowed",
                "http2_enabled": false,
                "ip_restriction": [],
                "java_container": "",
                "java_container_version": "",
                "java_version": "",
                "linux_fx_version": "",
                "local_mysql_enabled": false,
                "managed_pipeline_mode": "Integrated",
                "min_tls_version": "1.2",
                "php_version": "",
                "python_version": "",
                "remote_debugging_enabled": false,
                "remote_debugging_version": "",
                "scm_type": "None",
                "use_32_bit_worker_process": true,
                "virtual_network_name": "",
                "websockets_enabled": false,
                "windows_fx_version": ""
              }
            ],
            "site_credential": [
              {
                "password": "RDZbQAXnmuYRQgG6HepqXkNXS5wCFyK4kidzX2bsYXXo3LeBjuRghTRqEHpK",
                "username": "$webapp-c9elobqd-09-westeurope"
              }
            ],
            "source_control": [
              {
                "branch": "master",
                "repo_url": ""
              }
            ],
            "storage_account": [],
            "tags": {
              "env": "training",
              "source": "citadel"
            }
          },
          "private": "bnVsbA==",
          "dependencies": [
            "azurerm_app_service_plan.free",
            "azurerm_resource_group.webapps",
            "random_string.webapprnd"
          ]
        },
        {
          "index_key": 9,
          "schema_version": 0,
          "attributes": {
            "app_service_plan_id": "/subscriptions/515a5a9a-adc9-4b50-852e-d537d67b34a4/resourceGroups/webapps/providers/Microsoft.Web/serverfarms/plan-free-northeurope",
            "app_settings": {},
            "auth_settings": [
              {
                "active_directory": [],
                "additional_login_params": {},
                "allowed_external_redirect_urls": [],
                "default_provider": "",
                "enabled": false,
                "facebook": [],
                "google": [],
                "issuer": "",
                "microsoft": [],
                "runtime_version": "",
                "token_refresh_extension_hours": 0,
                "token_store_enabled": false,
                "twitter": [],
                "unauthenticated_client_action": ""
              }
            ],
            "backup": [],
            "client_affinity_enabled": true,
            "client_cert_enabled": false,
            "connection_string": [],
            "default_site_hostname": "webapp-c9elobqd-10-northeurope.azurewebsites.net",
            "enabled": true,
            "https_only": false,
            "id": "/subscriptions/515a5a9a-adc9-4b50-852e-d537d67b34a4/resourceGroups/webapps/providers/Microsoft.Web/sites/webapp-c9elobqd-10-northeurope",
            "identity": [],
            "location": "northeurope",
            "logs": [
              {
                "application_logs": [
                  {
                    "azure_blob_storage": []
                  }
                ],
                "http_logs": [
                  {
                    "file_system": []
                  }
                ]
              }
            ],
            "name": "webapp-c9elobqd-10-northeurope",
            "outbound_ip_addresses": "40.112.69.156,40.115.102.40,40.115.100.78,40.115.96.50,40.112.77.199",
            "possible_outbound_ip_addresses": "40.112.69.156,40.115.102.40,40.115.100.78,40.115.96.50,40.112.77.199,40.115.97.237,40.115.102.255,40.112.69.216",
            "resource_group_name": "webapps",
            "site_config": [
              {
                "always_on": false,
                "app_command_line": "",
                "cors": [],
                "default_documents": [
                  "Default.htm",
                  "Default.html",
                  "Default.asp",
                  "index.htm",
                  "index.html",
                  "iisstart.htm",
                  "default.aspx",
                  "index.php",
                  "hostingstart.html"
                ],
                "dotnet_framework_version": "v4.0",
                "ftps_state": "AllAllowed",
                "http2_enabled": false,
                "ip_restriction": [],
                "java_container": "",
                "java_container_version": "",
                "java_version": "",
                "linux_fx_version": "",
                "local_mysql_enabled": false,
                "managed_pipeline_mode": "Integrated",
                "min_tls_version": "1.2",
                "php_version": "",
                "python_version": "",
                "remote_debugging_enabled": false,
                "remote_debugging_version": "",
                "scm_type": "None",
                "use_32_bit_worker_process": true,
                "virtual_network_name": "",
                "websockets_enabled": false,
                "windows_fx_version": ""
              }
            ],
            "site_credential": [
              {
                "password": "edBGzRQu0Qj3Af6eT3zEW3CQDoDgljTpdjTSka37aFeTEusPXh6aq8CqE8ow",
                "username": "$webapp-c9elobqd-10-northeurope"
              }
            ],
            "source_control": [
              {
                "branch": "master",
                "repo_url": ""
              }
            ],
            "storage_account": [],
            "tags": {
              "env": "training",
              "source": "citadel"
            }
          },
          "private": "bnVsbA==",
          "dependencies": [
            "azurerm_app_service_plan.free",
            "azurerm_resource_group.webapps",
            "random_string.webapprnd"
          ]
        },
        {
          "index_key": 10,
          "schema_version": 0,
          "attributes": {
            "app_service_plan_id": "/subscriptions/515a5a9a-adc9-4b50-852e-d537d67b34a4/resourceGroups/webapps/providers/Microsoft.Web/serverfarms/plan-free-eastus",
            "app_settings": {},
            "auth_settings": [
              {
                "active_directory": [],
                "additional_login_params": {},
                "allowed_external_redirect_urls": [],
                "default_provider": "",
                "enabled": false,
                "facebook": [],
                "google": [],
                "issuer": "",
                "microsoft": [],
                "runtime_version": "",
                "token_refresh_extension_hours": 0,
                "token_store_enabled": false,
                "twitter": [],
                "unauthenticated_client_action": ""
              }
            ],
            "backup": [],
            "client_affinity_enabled": true,
            "client_cert_enabled": false,
            "connection_string": [],
            "default_site_hostname": "webapp-c9elobqd-11-eastus.azurewebsites.net",
            "enabled": true,
            "https_only": false,
            "id": "/subscriptions/515a5a9a-adc9-4b50-852e-d537d67b34a4/resourceGroups/webapps/providers/Microsoft.Web/sites/webapp-c9elobqd-11-eastus",
            "identity": [],
            "location": "eastus",
            "logs": [
              {
                "application_logs": [
                  {
                    "azure_blob_storage": []
                  }
                ],
                "http_logs": [
                  {
                    "file_system": []
                  }
                ]
              }
            ],
            "name": "webapp-c9elobqd-11-eastus",
            "outbound_ip_addresses": "40.71.11.134,40.117.215.11,40.76.9.115,13.68.199.96,40.117.113.125",
            "possible_outbound_ip_addresses": "40.71.11.134,40.117.215.11,40.76.9.115,13.68.199.96,40.117.113.125,40.114.121.56,13.68.202.75,40.76.0.204,40.76.10.230,40.76.27.228",
            "resource_group_name": "webapps",
            "site_config": [
              {
                "always_on": false,
                "app_command_line": "",
                "cors": [],
                "default_documents": [
                  "Default.htm",
                  "Default.html",
                  "Default.asp",
                  "index.htm",
                  "index.html",
                  "iisstart.htm",
                  "default.aspx",
                  "index.php",
                  "hostingstart.html"
                ],
                "dotnet_framework_version": "v4.0",
                "ftps_state": "AllAllowed",
                "http2_enabled": false,
                "ip_restriction": [],
                "java_container": "",
                "java_container_version": "",
                "java_version": "",
                "linux_fx_version": "",
                "local_mysql_enabled": false,
                "managed_pipeline_mode": "Integrated",
                "min_tls_version": "1.2",
                "php_version": "",
                "python_version": "",
                "remote_debugging_enabled": false,
                "remote_debugging_version": "",
                "scm_type": "None",
                "use_32_bit_worker_process": true,
                "virtual_network_name": "",
                "websockets_enabled": false,
                "windows_fx_version": ""
              }
            ],
            "site_credential": [
              {
                "password": "10Jc4wtE5lJJcrEnDla0usr7Ny2v8F0Tdrrk4p19GRf56vv7ELEg7bCTqMWF",
                "username": "$webapp-c9elobqd-11-eastus"
              }
            ],
            "source_control": [
              {
                "branch": "master",
                "repo_url": ""
              }
            ],
            "storage_account": [],
            "tags": {
              "env": "training",
              "source": "citadel"
            }
          },
          "private": "bnVsbA==",
          "dependencies": [
            "azurerm_app_service_plan.free",
            "azurerm_resource_group.webapps",
            "random_string.webapprnd"
          ]
        },
        {
          "index_key": 11,
          "schema_version": 0,
          "attributes": {
            "app_service_plan_id": "/subscriptions/515a5a9a-adc9-4b50-852e-d537d67b34a4/resourceGroups/webapps/providers/Microsoft.Web/serverfarms/plan-free-centralus",
            "app_settings": {},
            "auth_settings": [
              {
                "active_directory": [],
                "additional_login_params": {},
                "allowed_external_redirect_urls": [],
                "default_provider": "",
                "enabled": false,
                "facebook": [],
                "google": [],
                "issuer": "",
                "microsoft": [],
                "runtime_version": "",
                "token_refresh_extension_hours": 0,
                "token_store_enabled": false,
                "twitter": [],
                "unauthenticated_client_action": ""
              }
            ],
            "backup": [],
            "client_affinity_enabled": true,
            "client_cert_enabled": false,
            "connection_string": [],
            "default_site_hostname": "webapp-c9elobqd-12-centralus.azurewebsites.net",
            "enabled": true,
            "https_only": false,
            "id": "/subscriptions/515a5a9a-adc9-4b50-852e-d537d67b34a4/resourceGroups/webapps/providers/Microsoft.Web/sites/webapp-c9elobqd-12-centralus",
            "identity": [],
            "location": "centralus",
            "logs": [
              {
                "application_logs": [
                  {
                    "azure_blob_storage": []
                  }
                ],
                "http_logs": [
                  {
                    "file_system": []
                  }
                ]
              }
            ],
            "name": "webapp-c9elobqd-12-centralus",
            "outbound_ip_addresses": "52.173.151.229,52.173.255.250,52.173.145.112,52.165.223.181,52.165.223.243",
            "possible_outbound_ip_addresses": "52.173.151.229,52.173.255.250,52.173.145.112,52.165.223.181,52.165.223.243,52.176.167.96,52.173.78.232",
            "resource_group_name": "webapps",
            "site_config": [
              {
                "always_on": false,
                "app_command_line": "",
                "cors": [],
                "default_documents": [
                  "Default.htm",
                  "Default.html",
                  "Default.asp",
                  "index.htm",
                  "index.html",
                  "iisstart.htm",
                  "default.aspx",
                  "index.php",
                  "hostingstart.html"
                ],
                "dotnet_framework_version": "v4.0",
                "ftps_state": "AllAllowed",
                "http2_enabled": false,
                "ip_restriction": [],
                "java_container": "",
                "java_container_version": "",
                "java_version": "",
                "linux_fx_version": "",
                "local_mysql_enabled": false,
                "managed_pipeline_mode": "Integrated",
                "min_tls_version": "1.2",
                "php_version": "",
                "python_version": "",
                "remote_debugging_enabled": false,
                "remote_debugging_version": "",
                "scm_type": "None",
                "use_32_bit_worker_process": true,
                "virtual_network_name": "",
                "websockets_enabled": false,
                "windows_fx_version": ""
              }
            ],
            "site_credential": [
              {
                "password": "CrKJNpvo9b2Ej4PPWWqY3zkpTWXPtnt1HL8hS68RnrLiaHdeT5CBAHKemyMZ",
                "username": "$webapp-c9elobqd-12-centralus"
              }
            ],
            "source_control": [
              {
                "branch": "master",
                "repo_url": ""
              }
            ],
            "storage_account": [],
            "tags": {
              "env": "training",
              "source": "citadel"
            }
          },
          "private": "bnVsbA==",
          "dependencies": [
            "azurerm_app_service_plan.free",
            "azurerm_resource_group.webapps",
            "random_string.webapprnd"
          ]
        },
        {
          "index_key": 12,
          "schema_version": 0,
          "attributes": {
            "app_service_plan_id": "/subscriptions/515a5a9a-adc9-4b50-852e-d537d67b34a4/resourceGroups/webapps/providers/Microsoft.Web/serverfarms/plan-free-westus",
            "app_settings": {},
            "auth_settings": [
              {
                "active_directory": [],
                "additional_login_params": {},
                "allowed_external_redirect_urls": [],
                "default_provider": "",
                "enabled": false,
                "facebook": [],
                "google": [],
                "issuer": "",
                "microsoft": [],
                "runtime_version": "",
                "token_refresh_extension_hours": 0,
                "token_store_enabled": false,
                "twitter": [],
                "unauthenticated_client_action": ""
              }
            ],
            "backup": [],
            "client_affinity_enabled": true,
            "client_cert_enabled": false,
            "connection_string": [],
            "default_site_hostname": "webapp-c9elobqd-13-westus.azurewebsites.net",
            "enabled": true,
            "https_only": false,
            "id": "/subscriptions/515a5a9a-adc9-4b50-852e-d537d67b34a4/resourceGroups/webapps/providers/Microsoft.Web/sites/webapp-c9elobqd-13-westus",
            "identity": [],
            "location": "westus",
            "logs": [
              {
                "application_logs": [
                  {
                    "azure_blob_storage": []
                  }
                ],
                "http_logs": [
                  {
                    "file_system": []
                  }
                ]
              }
            ],
            "name": "webapp-c9elobqd-13-westus",
            "outbound_ip_addresses": "40.112.243.7,40.118.229.231,13.64.89.216,40.78.16.175,52.160.111.150",
            "possible_outbound_ip_addresses": "40.112.243.7,40.118.229.231,13.64.89.216,40.78.16.175,52.160.111.150,13.64.91.216,13.64.94.144,13.91.124.136,13.91.125.204,40.118.239.192",
            "resource_group_name": "webapps",
            "site_config": [
              {
                "always_on": false,
                "app_command_line": "",
                "cors": [],
                "default_documents": [
                  "Default.htm",
                  "Default.html",
                  "Default.asp",
                  "index.htm",
                  "index.html",
                  "iisstart.htm",
                  "default.aspx",
                  "index.php",
                  "hostingstart.html"
                ],
                "dotnet_framework_version": "v4.0",
                "ftps_state": "AllAllowed",
                "http2_enabled": false,
                "ip_restriction": [],
                "java_container": "",
                "java_container_version": "",
                "java_version": "",
                "linux_fx_version": "",
                "local_mysql_enabled": false,
                "managed_pipeline_mode": "Integrated",
                "min_tls_version": "1.2",
                "php_version": "",
                "python_version": "",
                "remote_debugging_enabled": false,
                "remote_debugging_version": "",
                "scm_type": "None",
                "use_32_bit_worker_process": true,
                "virtual_network_name": "",
                "websockets_enabled": false,
                "windows_fx_version": ""
              }
            ],
            "site_credential": [
              {
                "password": "moxiNfK0k4fF2WwBJdy86ra6zXQ0dNiJZfiDC4bltGbQdkpGZaqwm4iN1unZ",
                "username": "$webapp-c9elobqd-13-westus"
              }
            ],
            "source_control": [
              {
                "branch": "master",
                "repo_url": ""
              }
            ],
            "storage_account": [],
            "tags": {
              "env": "training",
              "source": "citadel"
            }
          },
          "private": "bnVsbA==",
          "dependencies": [
            "azurerm_app_service_plan.free",
            "azurerm_resource_group.webapps",
            "random_string.webapprnd"
          ]
        },
        {
          "index_key": 13,
          "schema_version": 0,
          "attributes": {
            "app_service_plan_id": "/subscriptions/515a5a9a-adc9-4b50-852e-d537d67b34a4/resourceGroups/webapps/providers/Microsoft.Web/serverfarms/plan-free-westeurope",
            "app_settings": {},
            "auth_settings": [
              {
                "active_directory": [],
                "additional_login_params": {},
                "allowed_external_redirect_urls": [],
                "default_provider": "",
                "enabled": false,
                "facebook": [],
                "google": [],
                "issuer": "",
                "microsoft": [],
                "runtime_version": "",
                "token_refresh_extension_hours": 0,
                "token_store_enabled": false,
                "twitter": [],
                "unauthenticated_client_action": ""
              }
            ],
            "backup": [],
            "client_affinity_enabled": true,
            "client_cert_enabled": false,
            "connection_string": [],
            "default_site_hostname": "webapp-c9elobqd-14-westeurope.azurewebsites.net",
            "enabled": true,
            "https_only": false,
            "id": "/subscriptions/515a5a9a-adc9-4b50-852e-d537d67b34a4/resourceGroups/webapps/providers/Microsoft.Web/sites/webapp-c9elobqd-14-westeurope",
            "identity": [],
            "location": "westeurope",
            "logs": [
              {
                "application_logs": [
                  {
                    "azure_blob_storage": []
                  }
                ],
                "http_logs": [
                  {
                    "file_system": []
                  }
                ]
              }
            ],
            "name": "webapp-c9elobqd-14-westeurope",
            "outbound_ip_addresses": "52.233.133.121,52.232.38.244,52.233.185.35,52.166.75.172,13.81.1.156",
            "possible_outbound_ip_addresses": "52.233.133.121,52.232.38.244,52.233.185.35,52.166.75.172,13.81.1.156,52.136.254.253,51.144.165.65",
            "resource_group_name": "webapps",
            "site_config": [
              {
                "always_on": false,
                "app_command_line": "",
                "cors": [],
                "default_documents": [
                  "Default.htm",
                  "Default.html",
                  "Default.asp",
                  "index.htm",
                  "index.html",
                  "iisstart.htm",
                  "default.aspx",
                  "index.php",
                  "hostingstart.html"
                ],
                "dotnet_framework_version": "v4.0",
                "ftps_state": "AllAllowed",
                "http2_enabled": false,
                "ip_restriction": [],
                "java_container": "",
                "java_container_version": "",
                "java_version": "",
                "linux_fx_version": "",
                "local_mysql_enabled": false,
                "managed_pipeline_mode": "Integrated",
                "min_tls_version": "1.2",
                "php_version": "",
                "python_version": "",
                "remote_debugging_enabled": false,
                "remote_debugging_version": "",
                "scm_type": "None",
                "use_32_bit_worker_process": true,
                "virtual_network_name": "",
                "websockets_enabled": false,
                "windows_fx_version": ""
              }
            ],
            "site_credential": [
              {
                "password": "MnCZMpteT6lF5QMGdSP64usGPWXnAzlAotuABjpskabnjbsRp4GSa0SqvxSG",
                "username": "$webapp-c9elobqd-14-westeurope"
              }
            ],
            "source_control": [
              {
                "branch": "master",
                "repo_url": ""
              }
            ],
            "storage_account": [],
            "tags": {
              "env": "training",
              "source": "citadel"
            }
          },
          "private": "bnVsbA==",
          "dependencies": [
            "azurerm_app_service_plan.free",
            "azurerm_resource_group.webapps",
            "random_string.webapprnd"
          ]
        },
        {
          "index_key": 14,
          "schema_version": 0,
          "attributes": {
            "app_service_plan_id": "/subscriptions/515a5a9a-adc9-4b50-852e-d537d67b34a4/resourceGroups/webapps/providers/Microsoft.Web/serverfarms/plan-free-northeurope",
            "app_settings": {},
            "auth_settings": [
              {
                "active_directory": [],
                "additional_login_params": {},
                "allowed_external_redirect_urls": [],
                "default_provider": "",
                "enabled": false,
                "facebook": [],
                "google": [],
                "issuer": "",
                "microsoft": [],
                "runtime_version": "",
                "token_refresh_extension_hours": 0,
                "token_store_enabled": false,
                "twitter": [],
                "unauthenticated_client_action": ""
              }
            ],
            "backup": [],
            "client_affinity_enabled": true,
            "client_cert_enabled": false,
            "connection_string": [],
            "default_site_hostname": "webapp-c9elobqd-15-northeurope.azurewebsites.net",
            "enabled": true,
            "https_only": false,
            "id": "/subscriptions/515a5a9a-adc9-4b50-852e-d537d67b34a4/resourceGroups/webapps/providers/Microsoft.Web/sites/webapp-c9elobqd-15-northeurope",
            "identity": [],
            "location": "northeurope",
            "logs": [
              {
                "application_logs": [
                  {
                    "azure_blob_storage": []
                  }
                ],
                "http_logs": [
                  {
                    "file_system": []
                  }
                ]
              }
            ],
            "name": "webapp-c9elobqd-15-northeurope",
            "outbound_ip_addresses": "40.112.69.156,40.115.102.40,40.115.100.78,40.115.96.50,40.112.77.199",
            "possible_outbound_ip_addresses": "40.112.69.156,40.115.102.40,40.115.100.78,40.115.96.50,40.112.77.199,40.115.97.237,40.115.102.255,40.112.69.216",
            "resource_group_name": "webapps",
            "site_config": [
              {
                "always_on": false,
                "app_command_line": "",
                "cors": [],
                "default_documents": [
                  "Default.htm",
                  "Default.html",
                  "Default.asp",
                  "index.htm",
                  "index.html",
                  "iisstart.htm",
                  "default.aspx",
                  "index.php",
                  "hostingstart.html"
                ],
                "dotnet_framework_version": "v4.0",
                "ftps_state": "AllAllowed",
                "http2_enabled": false,
                "ip_restriction": [],
                "java_container": "",
                "java_container_version": "",
                "java_version": "",
                "linux_fx_version": "",
                "local_mysql_enabled": false,
                "managed_pipeline_mode": "Integrated",
                "min_tls_version": "1.2",
                "php_version": "",
                "python_version": "",
                "remote_debugging_enabled": false,
                "remote_debugging_version": "",
                "scm_type": "None",
                "use_32_bit_worker_process": true,
                "virtual_network_name": "",
                "websockets_enabled": false,
                "windows_fx_version": ""
              }
            ],
            "site_credential": [
              {
                "password": "gXDoF2nhfDASphEZm4Mpg6ki06LeqYhmQ7RQYrp4afwFymwrDNM5swY9eqF9",
                "username": "$webapp-c9elobqd-15-northeurope"
              }
            ],
            "source_control": [
              {
                "branch": "master",
                "repo_url": ""
              }
            ],
            "storage_account": [],
            "tags": {
              "env": "training",
              "source": "citadel"
            }
          },
          "private": "bnVsbA==",
          "dependencies": [
            "azurerm_app_service_plan.free",
            "azurerm_resource_group.webapps",
            "random_string.webapprnd"
          ]
        }
      ]
    },
    {
      "mode": "managed",
      "type": "azurerm_app_service_plan",
      "name": "free",
      "each": "list",
      "provider": "provider.azurerm",
      "instances": [
        {
          "index_key": 0,
          "schema_version": 0,
          "attributes": {
            "app_service_environment_id": null,
            "id": "/subscriptions/515a5a9a-adc9-4b50-852e-d537d67b34a4/resourceGroups/webapps/providers/Microsoft.Web/serverfarms/plan-free-eastus",
            "is_xenon": false,
            "kind": "linux",
            "location": "eastus",
            "maximum_elastic_worker_count": 1,
            "maximum_number_of_workers": 10,
            "name": "plan-free-eastus",
            "per_site_scaling": false,
            "properties": [
              {
                "app_service_environment_id": "",
                "per_site_scaling": false,
                "reserved": true
              }
            ],
            "reserved": true,
            "resource_group_name": "webapps",
            "sku": [
              {
                "capacity": 1,
                "size": "S1",
                "tier": "Standard"
              }
            ],
            "tags": {
              "env": "training",
              "source": "citadel"
            }
          }
        },
        {
          "index_key": 1,
          "schema_version": 0,
          "attributes": {
            "app_service_environment_id": null,
            "id": "/subscriptions/515a5a9a-adc9-4b50-852e-d537d67b34a4/resourceGroups/webapps/providers/Microsoft.Web/serverfarms/plan-free-centralus",
            "is_xenon": false,
            "kind": "linux",
            "location": "centralus",
            "maximum_elastic_worker_count": 1,
            "maximum_number_of_workers": 10,
            "name": "plan-free-centralus",
            "per_site_scaling": false,
            "properties": [
              {
                "app_service_environment_id": "",
                "per_site_scaling": false,
                "reserved": true
              }
            ],
            "reserved": true,
            "resource_group_name": "webapps",
            "sku": [
              {
                "capacity": 1,
                "size": "S1",
                "tier": "Standard"
              }
            ],
            "tags": {
              "env": "training",
              "source": "citadel"
            }
          }
        },
        {
          "index_key": 2,
          "schema_version": 0,
          "attributes": {
            "app_service_environment_id": null,
            "id": "/subscriptions/515a5a9a-adc9-4b50-852e-d537d67b34a4/resourceGroups/webapps/providers/Microsoft.Web/serverfarms/plan-free-westus",
            "is_xenon": false,
            "kind": "linux",
            "location": "westus",
            "maximum_elastic_worker_count": 1,
            "maximum_number_of_workers": 10,
            "name": "plan-free-westus",
            "per_site_scaling": false,
            "properties": [
              {
                "app_service_environment_id": "",
                "per_site_scaling": false,
                "reserved": true
              }
            ],
            "reserved": true,
            "resource_group_name": "webapps",
            "sku": [
              {
                "capacity": 1,
                "size": "S1",
                "tier": "Standard"
              }
            ],
            "tags": {
              "env": "training",
              "source": "citadel"
            }
          }
        },
        {
          "index_key": 3,
          "schema_version": 0,
          "attributes": {
            "app_service_environment_id": null,
            "id": "/subscriptions/515a5a9a-adc9-4b50-852e-d537d67b34a4/resourceGroups/webapps/providers/Microsoft.Web/serverfarms/plan-free-westeurope",
            "is_xenon": false,
            "kind": "linux",
            "location": "westeurope",
            "maximum_elastic_worker_count": 1,
            "maximum_number_of_workers": 10,
            "name": "plan-free-westeurope",
            "per_site_scaling": false,
            "properties": [
              {
                "app_service_environment_id": "",
                "per_site_scaling": false,
                "reserved": true
              }
            ],
            "reserved": true,
            "resource_group_name": "webapps",
            "sku": [
              {
                "capacity": 1,
                "size": "S1",
                "tier": "Standard"
              }
            ],
            "tags": {
              "env": "training",
              "source": "citadel"
            }
          }
        },
        {
          "index_key": 4,
          "schema_version": 0,
          "attributes": {
            "app_service_environment_id": null,
            "id": "/subscriptions/515a5a9a-adc9-4b50-852e-d537d67b34a4/resourceGroups/webapps/providers/Microsoft.Web/serverfarms/plan-free-northeurope",
            "is_xenon": false,
            "kind": "linux",
            "location": "northeurope",
            "maximum_elastic_worker_count": 1,
            "maximum_number_of_workers": 10,
            "name": "plan-free-northeurope",
            "per_site_scaling": false,
            "properties": [
              {
                "app_service_environment_id": "",
                "per_site_scaling": false,
                "reserved": true
              }
            ],
            "reserved": true,
            "resource_group_name": "webapps",
            "sku": [
              {
                "capacity": 1,
                "size": "S1",
                "tier": "Standard"
              }
            ],
            "tags": {
              "env": "training",
              "source": "citadel"
            }
          }
        }
      ]
    },
    {
      "mode": "managed",
      "type": "azurerm_network_security_group",
      "name": "nic_ubuntu",
      "provider": "provider.azurerm",
      "instances": [
        {
          "schema_version": 0,
          "attributes": {
            "id": "/subscriptions/515a5a9a-adc9-4b50-852e-d537d67b34a4/resourceGroups/NSGs/providers/Microsoft.Network/networkSecurityGroups/NIC_Ubuntu",
            "location": "westeurope",
            "name": "NIC_Ubuntu",
            "resource_group_name": "NSGs",
            "security_rule": [
              {
                "access": "Allow",
                "description": "",
                "destination_address_prefix": "*",
                "destination_address_prefixes": [],
                "destination_application_security_group_ids": [],
                "destination_port_range": "22",
                "destination_port_ranges": [],
                "direction": "Inbound",
                "name": "SSH",
                "priority": 100,
                "protocol": "Tcp",
                "source_address_prefix": "*",
                "source_address_prefixes": [],
                "source_application_security_group_ids": [],
                "source_port_range": "*",
                "source_port_ranges": []
              }
            ],
            "tags": {
              "env": "training",
              "source": "citadel"
            }
          },
          "private": "bnVsbA==",
          "dependencies": [
            "azurerm_resource_group.nsgs"
          ]
        }
      ]
    },
    {
      "mode": "managed",
      "type": "azurerm_network_security_group",
      "name": "nic_windows",
      "provider": "provider.azurerm",
      "instances": [
        {
          "schema_version": 0,
          "attributes": {
            "id": "/subscriptions/515a5a9a-adc9-4b50-852e-d537d67b34a4/resourceGroups/NSGs/providers/Microsoft.Network/networkSecurityGroups/nic_windows",
            "location": "westeurope",
            "name": "nic_windows",
            "resource_group_name": "NSGs",
            "security_rule": [
              {
                "access": "Allow",
                "description": "",
                "destination_address_prefix": "*",
                "destination_address_prefixes": [],
                "destination_application_security_group_ids": [],
                "destination_port_range": "3389",
                "destination_port_ranges": [],
                "direction": "inbound",
                "name": "RDP",
                "priority": 100,
                "protocol": "Tcp",
                "source_address_prefix": "*",
                "source_address_prefixes": [],
                "source_application_security_group_ids": [],
                "source_port_range": "*",
                "source_port_ranges": []
              }
            ],
            "tags": {
              "env": "training",
              "source": "citadel"
            }
          },
          "private": "bnVsbA==",
          "dependencies": [
            "azurerm_resource_group.nsgs"
          ]
        }
      ]
    },
    {
      "mode": "managed",
      "type": "azurerm_network_security_group",
      "name": "resource_group_default",
      "provider": "provider.azurerm",
      "instances": [
        {
          "schema_version": 0,
          "attributes": {
            "id": "/subscriptions/515a5a9a-adc9-4b50-852e-d537d67b34a4/resourceGroups/NSGs/providers/Microsoft.Network/networkSecurityGroups/ResourceGroupDefault",
            "location": "westeurope",
            "name": "ResourceGroupDefault",
            "resource_group_name": "NSGs",
            "security_rule": [
              {
                "access": "Allow",
                "description": "",
                "destination_address_prefix": "*",
                "destination_address_prefixes": [],
                "destination_application_security_group_ids": [],
                "destination_port_range": "1443",
                "destination_port_ranges": [],
                "direction": "Inbound",
                "name": "AllowSQLServer",
                "priority": 1030,
                "protocol": "Tcp",
                "source_address_prefix": "*",
                "source_address_prefixes": [],
                "source_application_security_group_ids": [],
                "source_port_range": "*",
                "source_port_ranges": []
              },
              {
                "access": "Allow",
                "description": "",
                "destination_address_prefix": "*",
                "destination_address_prefixes": [],
                "destination_application_security_group_ids": [],
                "destination_port_range": "22",
                "destination_port_ranges": [],
                "direction": "Inbound",
                "name": "AllowSSH",
                "priority": 1010,
                "protocol": "Tcp",
                "source_address_prefix": "*",
                "source_address_prefixes": [],
                "source_application_security_group_ids": [],
                "source_port_range": "*",
                "source_port_ranges": []
              },
              {
                "access": "Allow",
                "description": "",
                "destination_address_prefix": "*",
                "destination_address_prefixes": [],
                "destination_application_security_group_ids": [],
                "destination_port_range": "443",
                "destination_port_ranges": [],
                "direction": "Inbound",
                "name": "AllowHTTPS",
                "priority": 1021,
                "protocol": "Tcp",
                "source_address_prefix": "*",
                "source_address_prefixes": [],
                "source_application_security_group_ids": [],
                "source_port_range": "*",
                "source_port_ranges": []
              },
              {
                "access": "Allow",
                "description": "",
                "destination_address_prefix": "*",
                "destination_address_prefixes": [],
                "destination_application_security_group_ids": [],
                "destination_port_range": "80",
                "destination_port_ranges": [],
                "direction": "Inbound",
                "name": "AllowHTTP",
                "priority": 1020,
                "protocol": "Tcp",
                "source_address_prefix": "*",
                "source_address_prefixes": [],
                "source_application_security_group_ids": [],
                "source_port_range": "*",
                "source_port_ranges": []
              }
            ],
            "tags": {
              "env": "training",
              "source": "citadel"
            }
          },
          "private": "bnVsbA==",
          "dependencies": [
            "azurerm_resource_group.nsgs"
          ]
        }
      ]
    },
    {
      "mode": "managed",
      "type": "azurerm_network_security_rule",
      "name": "AllowHTTP",
      "provider": "provider.azurerm",
      "instances": [
        {
          "schema_version": 0,
          "attributes": {
            "access": "Allow",
            "description": "",
            "destination_address_prefix": "*",
            "destination_address_prefixes": [],
            "destination_application_security_group_ids": [],
            "destination_port_range": "80",
            "destination_port_ranges": [],
            "direction": "Inbound",
            "id": "/subscriptions/515a5a9a-adc9-4b50-852e-d537d67b34a4/resourceGroups/NSGs/providers/Microsoft.Network/networkSecurityGroups/ResourceGroupDefault/securityRules/AllowHTTP",
            "name": "AllowHTTP",
            "network_security_group_name": "ResourceGroupDefault",
            "priority": 1020,
            "protocol": "Tcp",
            "resource_group_name": "NSGs",
            "source_address_prefix": "*",
            "source_address_prefixes": [],
            "source_application_security_group_ids": [],
            "source_port_range": "*",
            "source_port_ranges": []
          },
          "private": "bnVsbA==",
          "dependencies": [
            "azurerm_network_security_group.resource_group_default",
            "azurerm_resource_group.nsgs"
          ]
        }
      ]
    },
    {
      "mode": "managed",
      "type": "azurerm_network_security_rule",
      "name": "AllowHTTPS",
      "provider": "provider.azurerm",
      "instances": [
        {
          "schema_version": 0,
          "attributes": {
            "access": "Allow",
            "description": "",
            "destination_address_prefix": "*",
            "destination_address_prefixes": [],
            "destination_application_security_group_ids": [],
            "destination_port_range": "443",
            "destination_port_ranges": [],
            "direction": "Inbound",
            "id": "/subscriptions/515a5a9a-adc9-4b50-852e-d537d67b34a4/resourceGroups/NSGs/providers/Microsoft.Network/networkSecurityGroups/ResourceGroupDefault/securityRules/AllowHTTPS",
            "name": "AllowHTTPS",
            "network_security_group_name": "ResourceGroupDefault",
            "priority": 1021,
            "protocol": "Tcp",
            "resource_group_name": "NSGs",
            "source_address_prefix": "*",
            "source_address_prefixes": [],
            "source_application_security_group_ids": [],
            "source_port_range": "*",
            "source_port_ranges": []
          },
          "private": "bnVsbA==",
          "dependencies": [
            "azurerm_network_security_group.resource_group_default",
            "azurerm_resource_group.nsgs"
          ]
        }
      ]
    },
    {
      "mode": "managed",
      "type": "azurerm_network_security_rule",
      "name": "AllowSQLServer",
      "provider": "provider.azurerm",
      "instances": [
        {
          "schema_version": 0,
          "attributes": {
            "access": "Allow",
            "description": "",
            "destination_address_prefix": "*",
            "destination_address_prefixes": [],
            "destination_application_security_group_ids": [],
            "destination_port_range": "1443",
            "destination_port_ranges": [],
            "direction": "Inbound",
            "id": "/subscriptions/515a5a9a-adc9-4b50-852e-d537d67b34a4/resourceGroups/NSGs/providers/Microsoft.Network/networkSecurityGroups/ResourceGroupDefault/securityRules/AllowSQLServer",
            "name": "AllowSQLServer",
            "network_security_group_name": "ResourceGroupDefault",
            "priority": 1030,
            "protocol": "Tcp",
            "resource_group_name": "NSGs",
            "source_address_prefix": "*",
            "source_address_prefixes": [],
            "source_application_security_group_ids": [],
            "source_port_range": "*",
            "source_port_ranges": []
          },
          "private": "bnVsbA==",
          "dependencies": [
            "azurerm_network_security_group.resource_group_default",
            "azurerm_resource_group.nsgs"
          ]
        }
      ]
    },
    {
      "mode": "managed",
      "type": "azurerm_network_security_rule",
      "name": "AllowSSH",
      "provider": "provider.azurerm",
      "instances": [
        {
          "schema_version": 0,
          "attributes": {
            "access": "Allow",
            "description": "",
            "destination_address_prefix": "*",
            "destination_address_prefixes": [],
            "destination_application_security_group_ids": [],
            "destination_port_range": "22",
            "destination_port_ranges": [],
            "direction": "Inbound",
            "id": "/subscriptions/515a5a9a-adc9-4b50-852e-d537d67b34a4/resourceGroups/NSGs/providers/Microsoft.Network/networkSecurityGroups/ResourceGroupDefault/securityRules/AllowSSH",
            "name": "AllowSSH",
            "network_security_group_name": "ResourceGroupDefault",
            "priority": 1010,
            "protocol": "Tcp",
            "resource_group_name": "NSGs",
            "source_address_prefix": "*",
            "source_address_prefixes": [],
            "source_application_security_group_ids": [],
            "source_port_range": "*",
            "source_port_ranges": []
          },
          "private": "bnVsbA==",
          "dependencies": [
            "azurerm_network_security_group.resource_group_default",
            "azurerm_resource_group.nsgs"
          ]
        }
      ]
    },
    {
      "mode": "managed",
      "type": "azurerm_public_ip",
      "name": "vpnGatewayPublicIp",
      "provider": "provider.azurerm",
      "instances": [
        {
          "schema_version": 0,
          "attributes": {
            "allocation_method": "Dynamic",
            "domain_name_label": null,
            "fqdn": null,
            "id": "/subscriptions/515a5a9a-adc9-4b50-852e-d537d67b34a4/resourceGroups/core/providers/Microsoft.Network/publicIPAddresses/vpnGatewayPublicIp",
            "idle_timeout_in_minutes": 4,
            "ip_address": "",
            "ip_version": "IPv4",
            "location": "westeurope",
            "name": "vpnGatewayPublicIp",
            "public_ip_address_allocation": "Dynamic",
            "public_ip_prefix_id": null,
            "resource_group_name": "core",
            "reverse_fqdn": null,
            "sku": "Basic",
            "tags": {},
            "zones": []
          },
          "private": "bnVsbA==",
          "dependencies": [
            "azurerm_resource_group.core"
          ]
        }
      ]
    },
    {
      "mode": "managed",
      "type": "azurerm_resource_group",
      "name": "core",
      "provider": "provider.azurerm",
      "instances": [
        {
          "schema_version": 0,
          "attributes": {
            "id": "/subscriptions/515a5a9a-adc9-4b50-852e-d537d67b34a4/resourceGroups/core",
            "location": "westeurope",
            "name": "core",
            "tags": {
              "env": "training",
              "source": "citadel"
            }
          },
          "private": "bnVsbA=="
        }
      ]
    },
    {
      "mode": "managed",
      "type": "azurerm_resource_group",
      "name": "nsgs",
      "provider": "provider.azurerm",
      "instances": [
        {
          "schema_version": 0,
          "attributes": {
            "id": "/subscriptions/515a5a9a-adc9-4b50-852e-d537d67b34a4/resourceGroups/NSGs",
            "location": "westeurope",
            "name": "NSGs",
            "tags": {
              "env": "training",
              "source": "citadel"
            }
          },
          "private": "bnVsbA=="
        }
      ]
    },
    {
      "mode": "managed",
      "type": "azurerm_resource_group",
      "name": "webapps",
      "provider": "provider.azurerm",
      "instances": [
        {
          "schema_version": 0,
          "attributes": {
            "id": "/subscriptions/515a5a9a-adc9-4b50-852e-d537d67b34a4/resourceGroups/webapps",
            "location": "westeurope",
            "name": "webapps",
            "tags": {
              "env": "training",
              "source": "citadel"
            }
          },
          "private": "bnVsbA=="
        }
      ]
    },
    {
      "mode": "managed",
      "type": "azurerm_subnet",
      "name": "GatewaySubnet",
      "provider": "provider.azurerm",
      "instances": [
        {
          "schema_version": 0,
          "attributes": {
            "address_prefix": "10.0.0.0/24",
            "delegation": [],
            "id": "/subscriptions/515a5a9a-adc9-4b50-852e-d537d67b34a4/resourceGroups/core/providers/Microsoft.Network/virtualNetworks/core/subnets/GatewaySubnet",
            "ip_configurations": [],
            "name": "GatewaySubnet",
            "network_security_group_id": "",
            "resource_group_name": "core",
            "route_table_id": "",
            "service_endpoints": [],
            "virtual_network_name": "core"
          },
          "private": "bnVsbA==",
          "dependencies": [
            "azurerm_resource_group.core",
            "azurerm_virtual_network.core"
          ]
        }
      ]
    },
    {
      "mode": "managed",
      "type": "azurerm_virtual_network",
      "name": "core",
      "provider": "provider.azurerm",
      "instances": [
        {
          "schema_version": 0,
          "attributes": {
            "address_space": [
              "10.0.0.0/16"
            ],
            "ddos_protection_plan": [],
            "dns_servers": [
              "1.1.1.1",
              "1.0.0.1"
            ],
            "id": "/subscriptions/515a5a9a-adc9-4b50-852e-d537d67b34a4/resourceGroups/core/providers/Microsoft.Network/virtualNetworks/core",
            "location": "westeurope",
            "name": "core",
            "resource_group_name": "core",
            "subnet": [
              {
                "address_prefix": "10.0.1.0/24",
                "id": "/subscriptions/515a5a9a-adc9-4b50-852e-d537d67b34a4/resourceGroups/core/providers/Microsoft.Network/virtualNetworks/core/subnets/training",
                "name": "training",
                "security_group": null
              },
              {
                "address_prefix": "10.0.2.0/24",
                "id": "/subscriptions/515a5a9a-adc9-4b50-852e-d537d67b34a4/resourceGroups/core/providers/Microsoft.Network/virtualNetworks/core/subnets/dev",
                "name": "dev",
                "security_group": null
              }
            ],
            "tags": {
              "env": "training",
              "source": "citadel"
            }
          },
          "private": "bnVsbA==",
          "dependencies": [
            "azurerm_resource_group.core"
          ]
        }
      ]
    },
    {
      "mode": "managed",
      "type": "random_string",
      "name": "webapprnd",
      "provider": "provider.random",
      "instances": [
        {
          "schema_version": 1,
          "attributes": {
            "id": "c9elobqd",
            "keepers": null,
            "length": 8,
            "lower": true,
            "min_lower": 0,
            "min_numeric": 0,
            "min_special": 0,
            "min_upper": 0,
            "number": true,
            "override_special": null,
            "result": "c9elobqd",
            "special": false,
            "upper": false
          },
          "private": "eyJzY2hlbWFfdmVyc2lvbiI6IjEifQ=="
        }
      ]
    }
  ]
}
